
Microsoft Visual Studio Solution File, Format Version 12.00
Project("{FAE04EC0-301F-11D3-BF4B-00C04F79EFBC}") = "Zadanie2.1", "Zadanie2.1\Zadanie2.1.csproj", "{716839E9-2005-48FB-913B-660423A99537}"
EndProject
Global
	GlobalSection(SolutionConfigurationPlatforms) = preSolution
		Debug|Any CPU = Debug|Any CPU
		Release|Any CPU = Release|Any CPU
	EndGlobalSection
	GlobalSection(ProjectConfigurationPlatforms) = postSolution
		{716839E9-2005-48FB-913B-660423A99537}.Debug|Any CPU.ActiveCfg = Debug|Any CPU
		{716839E9-2005-48FB-913B-660423A99537}.Debug|Any CPU.Build.0 = Debug|Any CPU
		{716839E9-2005-48FB-913B-660423A99537}.Release|Any CPU.ActiveCfg = Release|Any CPU
		{716839E9-2005-48FB-913B-660423A99537}.Release|Any CPU.Build.0 = Release|Any CPU
	EndGlobalSection
EndGlobal
